
Microsoft Visual Studio Solution File, Format Version 12.00
# Visual Studio Version 17
VisualStudioVersion = 17.0.31717.71
MinimumVisualStudioVersion = 10.0.40219.1
Project("{9A19103F-16F7-4668-BE54-9A1E7A4F7556}") = "AbpProjectTools", "AbpProjectTools\AbpProjectTools.csproj", "{9BDA7BAE-DB1F-4540-B823-76F8749152BB}"
EndProject
Global
	GlobalSection(SolutionConfigurationPlatforms) = preSolution
		Debug|Any CPU = Debug|Any CPU
		Release|Any CPU = Release|Any CPU
	EndGlobalSection
	GlobalSection(ProjectConfigurationPlatforms) = postSolution
		{9BDA7BAE-DB1F-4540-B823-76F8749152BB}.Debug|Any CPU.ActiveCfg = Debug|Any CPU
		{9BDA7BAE-DB1F-4540-B823-76F8749152BB}.Debug|Any CPU.Build.0 = Debug|Any CPU
		{9BDA7BAE-DB1F-4540-B823-76F8749152BB}.Release|Any CPU.ActiveCfg = Release|Any CPU
		{9BDA7BAE-DB1F-4540-B823-76F8749152BB}.Release|Any CPU.Build.0 = Release|Any CPU
	EndGlobalSection
	GlobalSection(SolutionProperties) = preSolution
		HideSolutionNode = FALSE
	EndGlobalSection
	GlobalSection(ExtensibilityGlobals) = postSolution
		SolutionGuid = {4C475F16-86C4-4E3A-8FC3-D5461DE0ECC8}
	EndGlobalSection
EndGlobal
